golang.org/x/sys v0.0.0-20210216163648-f7da38b97c65 h1:pTMjDVnP5eVRRlWO76rEWJ8JoC6Lf1CmyjPZXRiy2Sw=
golang.org/x/sys v0.0.0-20210216163648-f7da38b97c65/go.mod h1:h1NjWce9XRLGQEsW7wpKNCjG9DtNlClVuFLEZdDNbEs=
golang.org/x/sys v0.0.0-20210216224549-f992740a1bac h1:9glrpwtNjBYgRpb67AZJKHfzj1stG/8BL5H7In2oTC4=
golang.org/x/sys v0.0.0-20210216224549-f992740a1bac/go.mod h1:h1NjWce9XRLGQEsW7wpKNCjG9DtNlClVuFLEZdDNbEs=
